
Microsoft Visual Studio Solution File, Format Version 12.00
# Visual Studio 15
VisualStudioVersion = 15.0.28307.572
MinimumVisualStudioVersion = 10.0.40219.1
Project("{FAE04EC0-301F-11D3-BF4B-00C04F79EFBC}") = "WindowsServiceWithTopshelfInNetCore", "WindowsServiceWithTopshelfInNetCore\WindowsServiceWithTopshelfInNetCore.csproj", "{F03F8C49-24F2-428B-8B1D-F31EBE33DB86}"
EndProject
Global
	GlobalSection(SolutionConfigurationPlatforms) = preSolution
		Debug|Any CPU = Debug|Any CPU
		Release|Any CPU = Release|Any CPU
	EndGlobalSection
	GlobalSection(ProjectConfigurationPlatforms) = postSolution
		{F03F8C49-24F2-428B-8B1D-F31EBE33DB86}.Debug|Any CPU.ActiveCfg = Debug|Any CPU
		{F03F8C49-24F2-428B-8B1D-F31EBE33DB86}.Debug|Any CPU.Build.0 = Debug|Any CPU
		{F03F8C49-24F2-428B-8B1D-F31EBE33DB86}.Release|Any CPU.ActiveCfg = Release|Any CPU
		{F03F8C49-24F2-428B-8B1D-F31EBE33DB86}.Release|Any CPU.Build.0 = Release|Any CPU
	EndGlobalSection
	GlobalSection(SolutionProperties) = preSolution
		HideSolutionNode = FALSE
	EndGlobalSection
	GlobalSection(ExtensibilityGlobals) = postSolution
		SolutionGuid = {1118F9EB-042A-4D62-A574-806B3786824A}
	EndGlobalSection
EndGlobal
